
Microsoft Visual Studio Solution File, Format Version 12.00
# Visual Studio 15
VisualStudioVersion = 15.0.28307.168
MinimumVisualStudioVersion = 10.0.40219.1
Project("{FAE04EC0-301F-11D3-BF4B-00C04F79EFBC}") = "Remote", "Remote\Remote.csproj", "{D46140AA-12E9-4C73-B4DA-C41CAC4DB01B}"
EndProject
Global
	GlobalSection(SolutionConfigurationPlatforms) = preSolution
		Debug|Any CPU = Debug|Any CPU
		Release|Any CPU = Release|Any CPU
	EndGlobalSection
	GlobalSection(ProjectConfigurationPlatforms) = postSolution
		{D46140AA-12E9-4C73-B4DA-C41CAC4DB01B}.Debug|Any CPU.ActiveCfg = Debug|Any CPU
		{D46140AA-12E9-4C73-B4DA-C41CAC4DB01B}.Debug|Any CPU.Build.0 = Debug|Any CPU
		{D46140AA-12E9-4C73-B4DA-C41CAC4DB01B}.Debug|Any CPU.Deploy.0 = Debug|Any CPU
		{D46140AA-12E9-4C73-B4DA-C41CAC4DB01B}.Release|Any CPU.ActiveCfg = Release|Any CPU
		{D46140AA-12E9-4C73-B4DA-C41CAC4DB01B}.Release|Any CPU.Build.0 = Release|Any CPU
		{D46140AA-12E9-4C73-B4DA-C41CAC4DB01B}.Release|Any CPU.Deploy.0 = Release|Any CPU
	EndGlobalSection
	GlobalSection(SolutionProperties) = preSolution
		HideSolutionNode = FALSE
	EndGlobalSection
	GlobalSection(ExtensibilityGlobals) = postSolution
		SolutionGuid = {16B71563-8CA9-4E6F-9DDC-63FBEE3D6436}
	EndGlobalSection
EndGlobal
