<?xml version="1.0" encoding="utf-8"?>
<Project ToolsVersion="4.0" xmlns="http://schemas.microsoft.com/developer/msbuild/2003">
  <ItemGroup>
    <Filter Include="Source Files">
      <UniqueIdentifier>{4FC737F1-C7A5-4376-A066-2A32D752A2FF}</UniqueIdentifier>
      <Extensions>cpp;c;cc;cxx;def;odl;idl;hpj;bat;asm;asmx</Extensions>
    </Filter>
    <Filter Include="Header Files">
      <UniqueIdentifier>{93995380-89BD-4b04-88EB-625FBE52EBFB}</UniqueIdentifier>
      <Extensions>h;hh;hpp;hxx;hm;inl;inc;ipp;xsd</Extensions>
    </Filter>
    <Filter Include="Resource Files">
      <UniqueIdentifier>{67DA6AB6-F800-4c08-8B7A-83BB121AAD01}</UniqueIdentifier>
      <Extensions>rc;ico;cur;bmp;dlg;rc2;rct;bin;rgs;gif;jpg;jpeg;jpe;resx;tiff;tif;png;wav;mfcribbon-ms</Extensions>
    </Filter>
    <Filter Include="Models">
      <UniqueIdentifier>{e56a4e9e-67cc-425a-8b50-94687c7dcaa2}</UniqueIdentifier>
    </Filter>
    <Filter Include="Vertex Shaders">
      <UniqueIdentifier>{37e1c8aa-e885-44e8-aee9-e1fcce4f28e7}</UniqueIdentifier>
    </Filter>
    <Filter Include="Pixel Shaders">
      <UniqueIdentifier>{f4b1660c-21b3-4153-a650-28ca8b7f9d08}</UniqueIdentifier>
    </Filter>
    <Filter Include="Textures">
      <UniqueIdentifier>{53c16ebe-de8e-4a4b-94c8-b1638a3c95e4}</UniqueIdentifier>
    </Filter>
  </ItemGroup>
  <ItemGroup>
    <ClCompile Include="WinMain.cpp">
      <Filter>Source Files</Filter>
    </ClCompile>
    <ClCompile Include="bones\App.cpp">
      <Filter>Source Files</Filter>
    </ClCompile>
    <ClCompile Include="bones\CameraComponent.cpp">
      <Filter>Source Files</Filter>
    </ClCompile>
    <ClCompile Include="bones\Component.cpp">
      <Filter>Source Files</Filter>
    </ClCompile>
    <ClCompile Include="bones\DDSTextureLoader.cpp">
      <Filter>Source Files</Filter>
    </ClCompile>
    <ClCompile Include="bones\DirectionalLight.cpp">
      <Filter>Source Files</Filter>
    </ClCompile>
    <ClCompile Include="bones\DrawableObject.cpp">
      <Filter>Source Files</Filter>
    </ClCompile>
    <ClCompile Include="bones\Exception.cpp">
      <Filter>Source Files</Filter>
    </ClCompile>
    <ClCompile Include="bones\File.cpp">
      <Filter>Source Files</Filter>
    </ClCompile>
    <ClCompile Include="bones\FirstPersonController.cpp">
      <Filter>Source Files</Filter>
    </ClCompile>
    <ClCompile Include="bones\Graphics.cpp">
      <Filter>Source Files</Filter>
    </ClCompile>
    <ClCompile Include="bones\HrException.cpp">
      <Filter>Source Files</Filter>
    </ClCompile>
    <ClCompile Include="bones\Keyboard.cpp">
      <Filter>Source Files</Filter>
    </ClCompile>
    <ClCompile Include="bones\Light.cpp">
      <Filter>Source Files</Filter>
    </ClCompile>
    <ClCompile Include="bones\Model.cpp">
      <Filter>Source Files</Filter>
    </ClCompile>
    <ClCompile Include="bones\ModelComponent.cpp">
      <Filter>Source Files</Filter>
    </ClCompile>
    <ClCompile Include="bones\Mouse.cpp">
      <Filter>Source Files</Filter>
    </ClCompile>
    <ClCompile Include="bones\Object.cpp">
      <Filter>Source Files</Filter>
    </ClCompile>
    <ClCompile Include="bones\PointLight.cpp">
      <Filter>Source Files</Filter>
    </ClCompile>
    <ClCompile Include="bones\ShaderComponent.cpp">
      <Filter>Source Files</Filter>
    </ClCompile>
    <ClCompile Include="bones\SpotLight.cpp">
      <Filter>Source Files</Filter>
    </ClCompile>
    <ClCompile Include="bones\Timer.cpp">
      <Filter>Source Files</Filter>
    </ClCompile>
    <ClCompile Include="bones\WICTextureLoader.cpp">
      <Filter>Source Files</Filter>
    </ClCompile>
    <ClCompile Include="bones\Window.cpp">
      <Filter>Source Files</Filter>
    </ClCompile>
    <ClCompile Include="bones\Texture2D.cpp">
      <Filter>Source Files</Filter>
    </ClCompile>
    <ClCompile Include="bones\Scene.cpp">
      <Filter>Source Files</Filter>
    </ClCompile>
    <ClCompile Include="src\DemoApp.cpp">
      <Filter>Source Files</Filter>
    </ClCompile>
    <ClCompile Include="bones\LightComponent.cpp">
      <Filter>Source Files</Filter>
    </ClCompile>
    <ClCompile Include="bones\TransformComponent.cpp">
      <Filter>Source Files</Filter>
    </ClCompile>
  </ItemGroup>
  <ItemGroup>
    <ClInclude Include="CONFIG.h">
      <Filter>Header Files</Filter>
    </ClInclude>
    <ClInclude Include="bones\App.h">
      <Filter>Header Files</Filter>
    </ClInclude>
    <ClInclude Include="bones\AppState.h">
      <Filter>Header Files</Filter>
    </ClInclude>
    <ClInclude Include="bones\BasicMaterial.h">
      <Filter>Header Files</Filter>
    </ClInclude>
    <ClInclude Include="bones\bones.h">
      <Filter>Header Files</Filter>
    </ClInclude>
    <ClInclude Include="bones\CameraComponent.h">
      <Filter>Header Files</Filter>
    </ClInclude>
    <ClInclude Include="bones\Component.h">
      <Filter>Header Files</Filter>
    </ClInclude>
    <ClInclude Include="bones\ControllerComponent.h">
      <Filter>Header Files</Filter>
    </ClInclude>
    <ClInclude Include="bones\ControllerState.h">
      <Filter>Header Files</Filter>
    </ClInclude>
    <ClInclude Include="bones\DDS.h">
      <Filter>Header Files</Filter>
    </ClInclude>
    <ClInclude Include="bones\DDSTextureLoader.h">
      <Filter>Header Files</Filter>
    </ClInclude>
    <ClInclude Include="bones\DirectionalLight.h">
      <Filter>Header Files</Filter>
    </ClInclude>
    <ClInclude Include="bones\DirectXHelpers.h">
      <Filter>Header Files</Filter>
    </ClInclude>
    <ClInclude Include="bones\DrawableObject.h">
      <Filter>Header Files</Filter>
    </ClInclude>
    <ClInclude Include="bones\Exception.h">
      <Filter>Header Files</Filter>
    </ClInclude>
    <ClInclude Include="bones\File.h">
      <Filter>Header Files</Filter>
    </ClInclude>
    <ClInclude Include="bones\FirstPersonController.h">
      <Filter>Header Files</Filter>
    </ClInclude>
    <ClInclude Include="bones\GfxTypes.h">
      <Filter>Header Files</Filter>
    </ClInclude>
    <ClInclude Include="bones\Graphics.h">
      <Filter>Header Files</Filter>
    </ClInclude>
    <ClInclude Include="bones\HrException.h">
      <Filter>Header Files</Filter>
    </ClInclude>
    <ClInclude Include="bones\IBindable.h">
      <Filter>Header Files</Filter>
    </ClInclude>
    <ClInclude Include="bones\IComponentContainer.h">
      <Filter>Header Files</Filter>
    </ClInclude>
    <ClInclude Include="bones\IMaterial.h">
      <Filter>Header Files</Filter>
    </ClInclude>
    <ClInclude Include="bones\Keyboard.h">
      <Filter>Header Files</Filter>
    </ClInclude>
    <ClInclude Include="bones\Light.h">
      <Filter>Header Files</Filter>
    </ClInclude>
    <ClInclude Include="bones\LightComponent.h">
      <Filter>Header Files</Filter>
    </ClInclude>
    <ClInclude Include="bones\LoaderHelpers.h">
      <Filter>Header Files</Filter>
    </ClInclude>
    <ClInclude Include="bones\Model.h">
      <Filter>Header Files</Filter>
    </ClInclude>
    <ClInclude Include="bones\ModelComponent.h">
      <Filter>Header Files</Filter>
    </ClInclude>
    <ClInclude Include="bones\Mouse.h">
      <Filter>Header Files</Filter>
    </ClInclude>
    <ClInclude Include="bones\Object.h">
      <Filter>Header Files</Filter>
    </ClInclude>
    <ClInclude Include="bones\PlatformHelpers.h">
      <Filter>Header Files</Filter>
    </ClInclude>
    <ClInclude Include="bones\PointLight.h">
      <Filter>Header Files</Filter>
    </ClInclude>
    <ClInclude Include="bones\Registry.h">
      <Filter>Header Files</Filter>
    </ClInclude>
    <ClInclude Include="bones\ShaderComponent.h">
      <Filter>Header Files</Filter>
    </ClInclude>
    <ClInclude Include="bones\SpotLight.h">
      <Filter>Header Files</Filter>
    </ClInclude>
    <ClInclude Include="bones\Texture2D.h">
      <Filter>Header Files</Filter>
    </ClInclude>
    <ClInclude Include="bones\Timer.h">
      <Filter>Header Files</Filter>
    </ClInclude>
    <ClInclude Include="bones\TransformComponent.h">
      <Filter>Header Files</Filter>
    </ClInclude>
    <ClInclude Include="bones\TypeDefs.h">
      <Filter>Header Files</Filter>
    </ClInclude>
    <ClInclude Include="bones\WICTextureLoader.h">
      <Filter>Header Files</Filter>
    </ClInclude>
    <ClInclude Include="bones\Win32.h">
      <Filter>Header Files</Filter>
    </ClInclude>
    <ClInclude Include="bones\Window.h">
      <Filter>Header Files</Filter>
    </ClInclude>
    <ClInclude Include="bones\IAppObject.h">
      <Filter>Header Files</Filter>
    </ClInclude>
    <ClInclude Include="bones\Scene.h">
      <Filter>Header Files</Filter>
    </ClInclude>
    <ClInclude Include="resources\resource.h">
      <Filter>Header Files</Filter>
    </ClInclude>
    <ClInclude Include="bones\DemoScene.h">
      <Filter>Header Files</Filter>
    </ClInclude>
    <ClInclude Include="bones\DemoPlayer.h">
      <Filter>Header Files</Filter>
    </ClInclude>
    <ClInclude Include="bones\DemoCube.h">
      <Filter>Header Files</Filter>
    </ClInclude>
    <ClInclude Include="bones\DemoRoom.h">
      <Filter>Header Files</Filter>
    </ClInclude>
    <ClInclude Include="inc\DemoApp.h">
      <Filter>Header Files</Filter>
    </ClInclude>
    <ClInclude Include="bones\DemoWinMain.cpp">
      <Filter>Header Files</Filter>
    </ClInclude>
    <ClInclude Include="bones\DemoTorus.h">
      <Filter>Header Files</Filter>
    </ClInclude>
  </ItemGroup>
  <ItemGroup>
    <FxCompile Include="bones\vs_default_lighting.hlsl">
      <Filter>Vertex Shaders</Filter>
    </FxCompile>
    <FxCompile Include="bones\ps_default_lighting.hlsl">
      <Filter>Pixel Shaders</Filter>
    </FxCompile>
  </ItemGroup>
  <ItemGroup>
    <CopyFileToFolders Include="bones\directional_light.obj">
      <Filter>Models</Filter>
    </CopyFileToFolders>
    <CopyFileToFolders Include="bones\point_light.obj">
      <Filter>Models</Filter>
    </CopyFileToFolders>
    <CopyFileToFolders Include="bones\spot_light.obj">
      <Filter>Models</Filter>
    </CopyFileToFolders>
    <CopyFileToFolders Include="bones\directional_light.png">
      <Filter>Textures</Filter>
    </CopyFileToFolders>
    <CopyFileToFolders Include="bones\point_light.png">
      <Filter>Textures</Filter>
    </CopyFileToFolders>
    <CopyFileToFolders Include="bones\spot_light.png">
      <Filter>Textures</Filter>
    </CopyFileToFolders>
    <CopyFileToFolders Include="bones\demo_cube.obj">
      <Filter>Models</Filter>
    </CopyFileToFolders>
    <CopyFileToFolders Include="bones\demo_plane.obj">
      <Filter>Models</Filter>
    </CopyFileToFolders>
    <CopyFileToFolders Include="bones\demo_torus.png">
      <Filter>Resource Files</Filter>
    </CopyFileToFolders>
    <CopyFileToFolders Include="bones\demo_wall_back.png">
      <Filter>Resource Files</Filter>
    </CopyFileToFolders>
    <CopyFileToFolders Include="bones\demo_wall_bottom.png">
      <Filter>Resource Files</Filter>
    </CopyFileToFolders>
    <CopyFileToFolders Include="bones\demo_wall_front.png">
      <Filter>Resource Files</Filter>
    </CopyFileToFolders>
    <CopyFileToFolders Include="bones\demo_wall_left.png">
      <Filter>Resource Files</Filter>
    </CopyFileToFolders>
    <CopyFileToFolders Include="bones\demo_wall_right.png">
      <Filter>Resource Files</Filter>
    </CopyFileToFolders>
    <CopyFileToFolders Include="bones\demo_wall_top.png">
      <Filter>Resource Files</Filter>
    </CopyFileToFolders>
    <CopyFileToFolders Include="bones\demo_cube.png">
      <Filter>Resource Files</Filter>
    </CopyFileToFolders>
    <CopyFileToFolders Include="bones\demo_cube_ext.obj">
      <Filter>Models</Filter>
    </CopyFileToFolders>
    <CopyFileToFolders Include="bones\demo_torus.obj">
      <Filter>Models</Filter>
    </CopyFileToFolders>
  </ItemGroup>
  <ItemGroup>
    <ResourceCompile Include="resources\Resources.rc">
      <Filter>Resource Files</Filter>
    </ResourceCompile>
  </ItemGroup>
</Project>